
Microsoft Visual Studio Solution File, Format Version 12.00
# Visual Studio Version 16
VisualStudioVersion = 16.0.31313.79
MinimumVisualStudioVersion = 10.0.40219.1
Project("{FAE04EC0-301F-11D3-BF4B-00C04F79EFBC}") = "AsyncProcessingLab", "AsyncProcessingLab\AsyncProcessingLab.csproj", "{F028BE72-0B77-4D38-AD2F-FEFBAF0FAF3A}"
EndProject
Project("{FAE04EC0-301F-11D3-BF4B-00C04F79EFBC}") = "ParallelMergeSort", "ParallelMergeSort\ParallelMergeSort.csproj", "{04C164BE-B89C-4896-B637-CA2A5DF1DFD6}"
EndProject
Global
	GlobalSection(SolutionConfigurationPlatforms) = preSolution
		Debug|Any CPU = Debug|Any CPU
		Release|Any CPU = Release|Any CPU
	EndGlobalSection
	GlobalSection(ProjectConfigurationPlatforms) = postSolution
		{F028BE72-0B77-4D38-AD2F-FEFBAF0FAF3A}.Debug|Any CPU.ActiveCfg = Debug|Any CPU
		{F028BE72-0B77-4D38-AD2F-FEFBAF0FAF3A}.Debug|Any CPU.Build.0 = Debug|Any CPU
		{F028BE72-0B77-4D38-AD2F-FEFBAF0FAF3A}.Release|Any CPU.ActiveCfg = Release|Any CPU
		{F028BE72-0B77-4D38-AD2F-FEFBAF0FAF3A}.Release|Any CPU.Build.0 = Release|Any CPU
		{04C164BE-B89C-4896-B637-CA2A5DF1DFD6}.Debug|Any CPU.ActiveCfg = Debug|Any CPU
		{04C164BE-B89C-4896-B637-CA2A5DF1DFD6}.Debug|Any CPU.Build.0 = Debug|Any CPU
		{04C164BE-B89C-4896-B637-CA2A5DF1DFD6}.Release|Any CPU.ActiveCfg = Release|Any CPU
		{04C164BE-B89C-4896-B637-CA2A5DF1DFD6}.Release|Any CPU.Build.0 = Release|Any CPU
	EndGlobalSection
	GlobalSection(SolutionProperties) = preSolution
		HideSolutionNode = FALSE
	EndGlobalSection
	GlobalSection(ExtensibilityGlobals) = postSolution
		SolutionGuid = {6FBD9C81-A77B-4E2D-89F5-699AA32744FA}
	EndGlobalSection
EndGlobal
