
Microsoft Visual Studio Solution File, Format Version 12.00
# Visual Studio Version 16
VisualStudioVersion = 16.0.31321.278
MinimumVisualStudioVersion = 10.0.40219.1
Project("{9A19103F-16F7-4668-BE54-9A1E7A4F7556}") = "MyWebServer.App", "MyWebServer.App\MyWebServer.App.csproj", "{6C87F893-0226-432D-AE35-080BB9D48491}"
EndProject
Project("{9A19103F-16F7-4668-BE54-9A1E7A4F7556}") = "MyWebServer", "MyWebServer\MyWebServer.csproj", "{BADF460A-59ED-4790-B56A-92CFD2BCADB0}"
EndProject
Global
	GlobalSection(SolutionConfigurationPlatforms) = preSolution
		Debug|Any CPU = Debug|Any CPU
		Release|Any CPU = Release|Any CPU
	EndGlobalSection
	GlobalSection(ProjectConfigurationPlatforms) = postSolution
		{6C87F893-0226-432D-AE35-080BB9D48491}.Debug|Any CPU.ActiveCfg = Debug|Any CPU
		{6C87F893-0226-432D-AE35-080BB9D48491}.Debug|Any CPU.Build.0 = Debug|Any CPU
		{6C87F893-0226-432D-AE35-080BB9D48491}.Release|Any CPU.ActiveCfg = Release|Any CPU
		{6C87F893-0226-432D-AE35-080BB9D48491}.Release|Any CPU.Build.0 = Release|Any CPU
		{BADF460A-59ED-4790-B56A-92CFD2BCADB0}.Debug|Any CPU.ActiveCfg = Debug|Any CPU
		{BADF460A-59ED-4790-B56A-92CFD2BCADB0}.Debug|Any CPU.Build.0 = Debug|Any CPU
		{BADF460A-59ED-4790-B56A-92CFD2BCADB0}.Release|Any CPU.ActiveCfg = Release|Any CPU
		{BADF460A-59ED-4790-B56A-92CFD2BCADB0}.Release|Any CPU.Build.0 = Release|Any CPU
	EndGlobalSection
	GlobalSection(SolutionProperties) = preSolution
		HideSolutionNode = FALSE
	EndGlobalSection
	GlobalSection(ExtensibilityGlobals) = postSolution
		SolutionGuid = {851CACBC-C2DD-40EA-B9F2-F756F6F32829}
	EndGlobalSection
EndGlobal
