
Microsoft Visual Studio Solution File, Format Version 12.00
# Visual Studio Version 16
VisualStudioVersion = 16.0.31410.357
MinimumVisualStudioVersion = 10.0.40219.1
Project("{9A19103F-16F7-4668-BE54-9A1E7A4F7556}") = "CarShop", "..\CarShop\CarShop.csproj", "{D4053058-2098-491C-AEF4-4B2A46E5CE9D}"
EndProject
Project("{9A19103F-16F7-4668-BE54-9A1E7A4F7556}") = "MyWebServer", "..\MyWebServer\MyWebServer.csproj", "{EB9D326C-A16B-4519-B2BE-EBF31EB90649}"
EndProject
Global
	GlobalSection(SolutionConfigurationPlatforms) = preSolution
		Debug|Any CPU = Debug|Any CPU
		Release|Any CPU = Release|Any CPU
	EndGlobalSection
	GlobalSection(ProjectConfigurationPlatforms) = postSolution
		{D4053058-2098-491C-AEF4-4B2A46E5CE9D}.Debug|Any CPU.ActiveCfg = Debug|Any CPU
		{D4053058-2098-491C-AEF4-4B2A46E5CE9D}.Debug|Any CPU.Build.0 = Debug|Any CPU
		{D4053058-2098-491C-AEF4-4B2A46E5CE9D}.Release|Any CPU.ActiveCfg = Release|Any CPU
		{D4053058-2098-491C-AEF4-4B2A46E5CE9D}.Release|Any CPU.Build.0 = Release|Any CPU
		{EB9D326C-A16B-4519-B2BE-EBF31EB90649}.Debug|Any CPU.ActiveCfg = Debug|Any CPU
		{EB9D326C-A16B-4519-B2BE-EBF31EB90649}.Debug|Any CPU.Build.0 = Debug|Any CPU
		{EB9D326C-A16B-4519-B2BE-EBF31EB90649}.Release|Any CPU.ActiveCfg = Release|Any CPU
		{EB9D326C-A16B-4519-B2BE-EBF31EB90649}.Release|Any CPU.Build.0 = Release|Any CPU
	EndGlobalSection
	GlobalSection(SolutionProperties) = preSolution
		HideSolutionNode = FALSE
	EndGlobalSection
	GlobalSection(ExtensibilityGlobals) = postSolution
		SolutionGuid = {9D8A7D7E-9041-4223-987E-DCDA69E291AA}
	EndGlobalSection
EndGlobal
