
Microsoft Visual Studio Solution File, Format Version 12.00
# Visual Studio Version 16
VisualStudioVersion = 16.0.31410.357
MinimumVisualStudioVersion = 10.0.40219.1
Project("{9A19103F-16F7-4668-BE54-9A1E7A4F7556}") = "MyWebServer", "MyWebServer\MyWebServer.csproj", "{A6F66016-B2C8-4865-A4D3-58EFCFA54517}"
EndProject
Project("{FAE04EC0-301F-11D3-BF4B-00C04F79EFBC}") = "CarShop", "D:\Нова папка\softuni\Web\WebRepo\ExamPreparation\23December2020\CarShop\CarShop.csproj", "{2BD419B7-D888-4AAA-B91A-B93635A80B4E}"
EndProject
Global
	GlobalSection(SolutionConfigurationPlatforms) = preSolution
		Debug|Any CPU = Debug|Any CPU
		Release|Any CPU = Release|Any CPU
	EndGlobalSection
	GlobalSection(ProjectConfigurationPlatforms) = postSolution
		{A6F66016-B2C8-4865-A4D3-58EFCFA54517}.Debug|Any CPU.ActiveCfg = Debug|Any CPU
		{A6F66016-B2C8-4865-A4D3-58EFCFA54517}.Debug|Any CPU.Build.0 = Debug|Any CPU
		{A6F66016-B2C8-4865-A4D3-58EFCFA54517}.Release|Any CPU.ActiveCfg = Release|Any CPU
		{A6F66016-B2C8-4865-A4D3-58EFCFA54517}.Release|Any CPU.Build.0 = Release|Any CPU
		{2BD419B7-D888-4AAA-B91A-B93635A80B4E}.Debug|Any CPU.ActiveCfg = Debug|Any CPU
		{2BD419B7-D888-4AAA-B91A-B93635A80B4E}.Debug|Any CPU.Build.0 = Debug|Any CPU
		{2BD419B7-D888-4AAA-B91A-B93635A80B4E}.Release|Any CPU.ActiveCfg = Release|Any CPU
		{2BD419B7-D888-4AAA-B91A-B93635A80B4E}.Release|Any CPU.Build.0 = Release|Any CPU
	EndGlobalSection
	GlobalSection(SolutionProperties) = preSolution
		HideSolutionNode = FALSE
	EndGlobalSection
	GlobalSection(ExtensibilityGlobals) = postSolution
		SolutionGuid = {6F493334-2752-4C47-AA04-4EA86F839AAA}
	EndGlobalSection
EndGlobal
